{
  "pins" : [
    {
      "identity" : "nuke",
      "kind" : "remoteSourceControl",
      "location" : "https://github.com/kean/Nuke",
      "state" : {
        "revision" : "33f7e93be5d4ec027d42af77a8ec4680d1862ad2",
        "version" : "11.6.4"
      }
    },
    {
      "identity" : "phonenumberkit",
      "kind" : "remoteSourceControl",
      "location" : "https://github.com/marmelroy/PhoneNumberKit",
      "state" : {
        "revision" : "9b051490589ae4f2fa861287407a43a87be7226c",
        "version" : "3.5.8"
      }
    },
    {
      "identity" : "pulse",
      "kind" : "remoteSourceControl",
      "location" : "https://github.com/vi66r/Pulse",
      "state" : {
        "branch" : "main",
        "revision" : "16a077f01e704c4ccf870aba61400afd580e8705"
      }
    },
    {
      "identity" : "shuttle",
      "kind" : "remoteSourceControl",
      "location" : "https://github.com/vi66r/Shuttle",
      "state" : {
        "branch" : "main",
        "revision" : "67f6b5c5bdbc7abda7cc3a1ce21ec2443080f4af"
      }
    },
    {
      "identity" : "tinyconstraints",
      "kind" : "remoteSourceControl",
      "location" : "https://github.com/roberthein/TinyConstraints.git",
      "state" : {
        "revision" : "3262e5c591d4ab6272255df2087a01bbebd138dc",
        "version" : "4.0.2"
      }
    }
  ],
  "version" : 2
}
